
Microsoft Visual Studio Solution File, Format Version 12.00
# Visual Studio Version 16
VisualStudioVersion = 16.0.30517.126
MinimumVisualStudioVersion = 10.0.40219.1
Project("{FAE04EC0-301F-11D3-BF4B-00C04F79EFBC}") = "EjercicioAXml", "EjercicioAXml\EjercicioAXml.csproj", "{F3635F85-B41A-4E32-BB3A-AF06F7C7E914}"
EndProject
Global
	GlobalSection(SolutionConfigurationPlatforms) = preSolution
		Debug|Any CPU = Debug|Any CPU
		Release|Any CPU = Release|Any CPU
	EndGlobalSection
	GlobalSection(ProjectConfigurationPlatforms) = postSolution
		{F3635F85-B41A-4E32-BB3A-AF06F7C7E914}.Debug|Any CPU.ActiveCfg = Debug|Any CPU
		{F3635F85-B41A-4E32-BB3A-AF06F7C7E914}.Debug|Any CPU.Build.0 = Debug|Any CPU
		{F3635F85-B41A-4E32-BB3A-AF06F7C7E914}.Release|Any CPU.ActiveCfg = Release|Any CPU
		{F3635F85-B41A-4E32-BB3A-AF06F7C7E914}.Release|Any CPU.Build.0 = Release|Any CPU
	EndGlobalSection
	GlobalSection(SolutionProperties) = preSolution
		HideSolutionNode = FALSE
	EndGlobalSection
	GlobalSection(ExtensibilityGlobals) = postSolution
		SolutionGuid = {2F8D1128-4D88-4E45-AD40-65ABEF0BC10E}
	EndGlobalSection
EndGlobal
