
Microsoft Visual Studio Solution File, Format Version 12.00
# Visual Studio Version 16
VisualStudioVersion = 16.0.30523.141
MinimumVisualStudioVersion = 10.0.40219.1
Project("{FAE04EC0-301F-11D3-BF4B-00C04F79EFBC}") = "EjercicioXmlAAspx", "EjercicioXmlAAspx\EjercicioXmlAAspx.csproj", "{16A836BD-E653-4FFD-AF35-9B9D6E697B3C}"
EndProject
Global
	GlobalSection(SolutionConfigurationPlatforms) = preSolution
		Debug|Any CPU = Debug|Any CPU
		Release|Any CPU = Release|Any CPU
	EndGlobalSection
	GlobalSection(ProjectConfigurationPlatforms) = postSolution
		{16A836BD-E653-4FFD-AF35-9B9D6E697B3C}.Debug|Any CPU.ActiveCfg = Debug|Any CPU
		{16A836BD-E653-4FFD-AF35-9B9D6E697B3C}.Debug|Any CPU.Build.0 = Debug|Any CPU
		{16A836BD-E653-4FFD-AF35-9B9D6E697B3C}.Release|Any CPU.ActiveCfg = Release|Any CPU
		{16A836BD-E653-4FFD-AF35-9B9D6E697B3C}.Release|Any CPU.Build.0 = Release|Any CPU
	EndGlobalSection
	GlobalSection(SolutionProperties) = preSolution
		HideSolutionNode = FALSE
	EndGlobalSection
	GlobalSection(ExtensibilityGlobals) = postSolution
		SolutionGuid = {EDCA548E-3527-40CF-80FA-C3D6A6001066}
	EndGlobalSection
EndGlobal
