
Microsoft Visual Studio Solution File, Format Version 12.00
# Visual Studio Version 16
VisualStudioVersion = 16.0.30011.22
MinimumVisualStudioVersion = 10.0.40219.1
Project("{FAE04EC0-301F-11D3-BF4B-00C04F79EFBC}") = "ControlesDeValidacion", "ControlesDeValidacion\ControlesDeValidacion.csproj", "{3A38BBB1-FB77-4DD4-ACDA-F12E0ADD2FC2}"
EndProject
Global
	GlobalSection(SolutionConfigurationPlatforms) = preSolution
		Debug|Any CPU = Debug|Any CPU
		Release|Any CPU = Release|Any CPU
	EndGlobalSection
	GlobalSection(ProjectConfigurationPlatforms) = postSolution
		{3A38BBB1-FB77-4DD4-ACDA-F12E0ADD2FC2}.Debug|Any CPU.ActiveCfg = Debug|Any CPU
		{3A38BBB1-FB77-4DD4-ACDA-F12E0ADD2FC2}.Debug|Any CPU.Build.0 = Debug|Any CPU
		{3A38BBB1-FB77-4DD4-ACDA-F12E0ADD2FC2}.Release|Any CPU.ActiveCfg = Release|Any CPU
		{3A38BBB1-FB77-4DD4-ACDA-F12E0ADD2FC2}.Release|Any CPU.Build.0 = Release|Any CPU
	EndGlobalSection
	GlobalSection(SolutionProperties) = preSolution
		HideSolutionNode = FALSE
	EndGlobalSection
	GlobalSection(ExtensibilityGlobals) = postSolution
		SolutionGuid = {427EC27C-A047-4800-9B6C-0306DA796ECC}
	EndGlobalSection
EndGlobal
