
Microsoft Visual Studio Solution File, Format Version 12.00
# Visual Studio Version 16
VisualStudioVersion = 16.0.30523.141
MinimumVisualStudioVersion = 10.0.40219.1
Project("{FAE04EC0-301F-11D3-BF4B-00C04F79EFBC}") = "EjercicioIXml", "EjercicioIXml\EjercicioIXml.csproj", "{54BCBD29-6CAA-4ACA-8E9F-0B4EBF8CB135}"
EndProject
Global
	GlobalSection(SolutionConfigurationPlatforms) = preSolution
		Debug|Any CPU = Debug|Any CPU
		Release|Any CPU = Release|Any CPU
	EndGlobalSection
	GlobalSection(ProjectConfigurationPlatforms) = postSolution
		{54BCBD29-6CAA-4ACA-8E9F-0B4EBF8CB135}.Debug|Any CPU.ActiveCfg = Debug|Any CPU
		{54BCBD29-6CAA-4ACA-8E9F-0B4EBF8CB135}.Debug|Any CPU.Build.0 = Debug|Any CPU
		{54BCBD29-6CAA-4ACA-8E9F-0B4EBF8CB135}.Release|Any CPU.ActiveCfg = Release|Any CPU
		{54BCBD29-6CAA-4ACA-8E9F-0B4EBF8CB135}.Release|Any CPU.Build.0 = Release|Any CPU
	EndGlobalSection
	GlobalSection(SolutionProperties) = preSolution
		HideSolutionNode = FALSE
	EndGlobalSection
	GlobalSection(ExtensibilityGlobals) = postSolution
		SolutionGuid = {7AF217F9-0D57-41E0-98C5-62F0A2051913}
	EndGlobalSection
EndGlobal
